
Microsoft Visual Studio Solution File, Format Version 12.00
# Visual Studio Version 17
VisualStudioVersion = 17.7.33711.374
MinimumVisualStudioVersion = 10.0.40219.1
Project("{9A19103F-16F7-4668-BE54-9A1E7A4F7556}") = "WebAppMvc", "WebAppMvc\WebAppMvc.csproj", "{AB2046A5-1330-409C-9449-E0D3AFB3A5EC}"
EndProject
Project("{9A19103F-16F7-4668-BE54-9A1E7A4F7556}") = "App.Core.Entities", "App.Core.Entities\App.Core.Entities.csproj", "{EFFE0001-F6E6-42FB-AC2D-F92CDD97A6C9}"
EndProject
Project("{9A19103F-16F7-4668-BE54-9A1E7A4F7556}") = "App.Core.Business", "App.Core.Business\App.Core.Business.csproj", "{F4CC86C8-62A4-4E2F-8A0A-8EF4FF177965}"
EndProject
Project("{9A19103F-16F7-4668-BE54-9A1E7A4F7556}") = "App.Core.Data", "App.Core.Data\App.Core.Data.csproj", "{EB045355-26F2-4685-8A9E-D2D36DC86F02}"
EndProject
Project("{9A19103F-16F7-4668-BE54-9A1E7A4F7556}") = "WinFormsApp", "WinFormsApp\WinFormsApp.csproj", "{8F42969F-8D79-4EF3-9351-445AD21FA35B}"
EndProject
Project("{FAE04EC0-301F-11D3-BF4B-00C04F79EFBC}") = "WebAppApi", "WebAppApi\WebAppApi.csproj", "{01832C4F-9C6B-4ADB-B2BF-8F6F2F8F7057}"
EndProject
Project("{FAE04EC0-301F-11D3-BF4B-00C04F79EFBC}") = "WebApiClientFromJs", "WebApiClientFromJs\WebApiClientFromJs.csproj", "{310E1A1E-5A49-4A8F-A2CC-155643AF92B6}"
EndProject
Project("{FAE04EC0-301F-11D3-BF4B-00C04F79EFBC}") = "WebApiClientFromConsole", "WebApiClientFromConsole\WebApiClientFromConsole.csproj", "{2B3850D3-ADA1-4209-9A4D-12A54E599CE6}"
EndProject
Global
	GlobalSection(SolutionConfigurationPlatforms) = preSolution
		Debug|Any CPU = Debug|Any CPU
		Release|Any CPU = Release|Any CPU
	EndGlobalSection
	GlobalSection(ProjectConfigurationPlatforms) = postSolution
		{AB2046A5-1330-409C-9449-E0D3AFB3A5EC}.Debug|Any CPU.ActiveCfg = Debug|Any CPU
		{AB2046A5-1330-409C-9449-E0D3AFB3A5EC}.Debug|Any CPU.Build.0 = Debug|Any CPU
		{AB2046A5-1330-409C-9449-E0D3AFB3A5EC}.Release|Any CPU.ActiveCfg = Release|Any CPU
		{AB2046A5-1330-409C-9449-E0D3AFB3A5EC}.Release|Any CPU.Build.0 = Release|Any CPU
		{EFFE0001-F6E6-42FB-AC2D-F92CDD97A6C9}.Debug|Any CPU.ActiveCfg = Debug|Any CPU
		{EFFE0001-F6E6-42FB-AC2D-F92CDD97A6C9}.Debug|Any CPU.Build.0 = Debug|Any CPU
		{EFFE0001-F6E6-42FB-AC2D-F92CDD97A6C9}.Release|Any CPU.ActiveCfg = Release|Any CPU
		{EFFE0001-F6E6-42FB-AC2D-F92CDD97A6C9}.Release|Any CPU.Build.0 = Release|Any CPU
		{F4CC86C8-62A4-4E2F-8A0A-8EF4FF177965}.Debug|Any CPU.ActiveCfg = Debug|Any CPU
		{F4CC86C8-62A4-4E2F-8A0A-8EF4FF177965}.Debug|Any CPU.Build.0 = Debug|Any CPU
		{F4CC86C8-62A4-4E2F-8A0A-8EF4FF177965}.Release|Any CPU.ActiveCfg = Release|Any CPU
		{F4CC86C8-62A4-4E2F-8A0A-8EF4FF177965}.Release|Any CPU.Build.0 = Release|Any CPU
		{EB045355-26F2-4685-8A9E-D2D36DC86F02}.Debug|Any CPU.ActiveCfg = Debug|Any CPU
		{EB045355-26F2-4685-8A9E-D2D36DC86F02}.Debug|Any CPU.Build.0 = Debug|Any CPU
		{EB045355-26F2-4685-8A9E-D2D36DC86F02}.Release|Any CPU.ActiveCfg = Release|Any CPU
		{EB045355-26F2-4685-8A9E-D2D36DC86F02}.Release|Any CPU.Build.0 = Release|Any CPU
		{8F42969F-8D79-4EF3-9351-445AD21FA35B}.Debug|Any CPU.ActiveCfg = Debug|Any CPU
		{8F42969F-8D79-4EF3-9351-445AD21FA35B}.Debug|Any CPU.Build.0 = Debug|Any CPU
		{8F42969F-8D79-4EF3-9351-445AD21FA35B}.Release|Any CPU.ActiveCfg = Release|Any CPU
		{8F42969F-8D79-4EF3-9351-445AD21FA35B}.Release|Any CPU.Build.0 = Release|Any CPU
		{01832C4F-9C6B-4ADB-B2BF-8F6F2F8F7057}.Debug|Any CPU.ActiveCfg = Debug|Any CPU
		{01832C4F-9C6B-4ADB-B2BF-8F6F2F8F7057}.Debug|Any CPU.Build.0 = Debug|Any CPU
		{01832C4F-9C6B-4ADB-B2BF-8F6F2F8F7057}.Release|Any CPU.ActiveCfg = Release|Any CPU
		{01832C4F-9C6B-4ADB-B2BF-8F6F2F8F7057}.Release|Any CPU.Build.0 = Release|Any CPU
		{310E1A1E-5A49-4A8F-A2CC-155643AF92B6}.Debug|Any CPU.ActiveCfg = Debug|Any CPU
		{310E1A1E-5A49-4A8F-A2CC-155643AF92B6}.Debug|Any CPU.Build.0 = Debug|Any CPU
		{310E1A1E-5A49-4A8F-A2CC-155643AF92B6}.Release|Any CPU.ActiveCfg = Release|Any CPU
		{310E1A1E-5A49-4A8F-A2CC-155643AF92B6}.Release|Any CPU.Build.0 = Release|Any CPU
		{2B3850D3-ADA1-4209-9A4D-12A54E599CE6}.Debug|Any CPU.ActiveCfg = Debug|Any CPU
		{2B3850D3-ADA1-4209-9A4D-12A54E599CE6}.Debug|Any CPU.Build.0 = Debug|Any CPU
		{2B3850D3-ADA1-4209-9A4D-12A54E599CE6}.Release|Any CPU.ActiveCfg = Release|Any CPU
		{2B3850D3-ADA1-4209-9A4D-12A54E599CE6}.Release|Any CPU.Build.0 = Release|Any CPU
	EndGlobalSection
	GlobalSection(SolutionProperties) = preSolution
		HideSolutionNode = FALSE
	EndGlobalSection
	GlobalSection(ExtensibilityGlobals) = postSolution
		SolutionGuid = {98862099-93A6-4C75-8A60-86D117A5D6ED}
	EndGlobalSection
EndGlobal
